
Microsoft Visual Studio Solution File, Format Version 12.00
# Visual Studio Version 17
VisualStudioVersion = 17.11.35327.3
MinimumVisualStudioVersion = 10.0.40219.1
Project("{FAE04EC0-301F-11D3-BF4B-00C04F79EFBC}") = "Sugarbakers", "Sugarbakers.csproj", "{52C04831-9F4C-4F37-BE4E-83CA57C44B3A}"
EndProject
Global
	GlobalSection(SolutionConfigurationPlatforms) = preSolution
		Debug|Any CPU = Debug|Any CPU
		Release|Any CPU = Release|Any CPU
	EndGlobalSection
	GlobalSection(ProjectConfigurationPlatforms) = postSolution
		{52C04831-9F4C-4F37-BE4E-83CA57C44B3A}.Debug|Any CPU.ActiveCfg = Debug|Any CPU
		{52C04831-9F4C-4F37-BE4E-83CA57C44B3A}.Debug|Any CPU.Build.0 = Debug|Any CPU
		{52C04831-9F4C-4F37-BE4E-83CA57C44B3A}.Release|Any CPU.ActiveCfg = Release|Any CPU
		{52C04831-9F4C-4F37-BE4E-83CA57C44B3A}.Release|Any CPU.Build.0 = Release|Any CPU
	EndGlobalSection
	GlobalSection(SolutionProperties) = preSolution
		HideSolutionNode = FALSE
	EndGlobalSection
	GlobalSection(ExtensibilityGlobals) = postSolution
		SolutionGuid = {D1255736-9CD0-4B31-B4BF-005A5498A7DA}
	EndGlobalSection
EndGlobal
